
Microsoft Visual Studio Solution File, Format Version 12.00
# Visual Studio Version 16
VisualStudioVersion = 16.0.30225.117
MinimumVisualStudioVersion = 10.0.40219.1
Project("{FAE04EC0-301F-11D3-BF4B-00C04F79EFBC}") = "QuizSEBASTIANGOMEZ", "QuizSEBASTIANGOMEZ.csproj", "{2BA2E8C5-AABD-402C-8C81-EC36E3434464}"
EndProject
Global
	GlobalSection(SolutionConfigurationPlatforms) = preSolution
		Debug|Any CPU = Debug|Any CPU
		Release|Any CPU = Release|Any CPU
	EndGlobalSection
	GlobalSection(ProjectConfigurationPlatforms) = postSolution
		{2BA2E8C5-AABD-402C-8C81-EC36E3434464}.Debug|Any CPU.ActiveCfg = Debug|Any CPU
		{2BA2E8C5-AABD-402C-8C81-EC36E3434464}.Debug|Any CPU.Build.0 = Debug|Any CPU
		{2BA2E8C5-AABD-402C-8C81-EC36E3434464}.Release|Any CPU.ActiveCfg = Release|Any CPU
		{2BA2E8C5-AABD-402C-8C81-EC36E3434464}.Release|Any CPU.Build.0 = Release|Any CPU
	EndGlobalSection
	GlobalSection(SolutionProperties) = preSolution
		HideSolutionNode = FALSE
	EndGlobalSection
	GlobalSection(ExtensibilityGlobals) = postSolution
		SolutionGuid = {45D2EFC5-D766-46EE-9CC8-21B8A8A15B68}
	EndGlobalSection
EndGlobal
